
Microsoft Visual Studio Solution File, Format Version 12.00
# Visual Studio Version 17
VisualStudioVersion = 17.8.34525.116
MinimumVisualStudioVersion = 10.0.40219.1
Project("{FAE04EC0-301F-11D3-BF4B-00C04F79EFBC}") = "AppSemTemplate", "src\AppSemTemplate\AppSemTemplate.csproj", "{C5B6D575-C987-470C-8EF9-A52778B5CF0A}"
EndProject
Global
	GlobalSection(SolutionConfigurationPlatforms) = preSolution
		Debug|Any CPU = Debug|Any CPU
		Release|Any CPU = Release|Any CPU
	EndGlobalSection
	GlobalSection(ProjectConfigurationPlatforms) = postSolution
		{C5B6D575-C987-470C-8EF9-A52778B5CF0A}.Debug|Any CPU.ActiveCfg = Debug|Any CPU
		{C5B6D575-C987-470C-8EF9-A52778B5CF0A}.Debug|Any CPU.Build.0 = Debug|Any CPU
		{C5B6D575-C987-470C-8EF9-A52778B5CF0A}.Release|Any CPU.ActiveCfg = Release|Any CPU
		{C5B6D575-C987-470C-8EF9-A52778B5CF0A}.Release|Any CPU.Build.0 = Release|Any CPU
	EndGlobalSection
	GlobalSection(SolutionProperties) = preSolution
		HideSolutionNode = FALSE
	EndGlobalSection
	GlobalSection(ExtensibilityGlobals) = postSolution
		SolutionGuid = {F4E64ED0-1487-4E8E-9E0D-19B79B029F52}
	EndGlobalSection
EndGlobal
